
Microsoft Visual Studio Solution File, Format Version 12.00
# Visual Studio Version 17
VisualStudioVersion = 17.7.34031.279
MinimumVisualStudioVersion = 10.0.40219.1
Project("{FAE04EC0-301F-11D3-BF4B-00C04F79EFBC}") = "HomeworkC#", "HomeworkC#\HomeworkC#.csproj", "{D519BF09-5B02-4F19-88A5-982E5FB3F155}"
EndProject
Global
	GlobalSection(SolutionConfigurationPlatforms) = preSolution
		Debug|Any CPU = Debug|Any CPU
		Release|Any CPU = Release|Any CPU
	EndGlobalSection
	GlobalSection(ProjectConfigurationPlatforms) = postSolution
		{D519BF09-5B02-4F19-88A5-982E5FB3F155}.Debug|Any CPU.ActiveCfg = Debug|Any CPU
		{D519BF09-5B02-4F19-88A5-982E5FB3F155}.Debug|Any CPU.Build.0 = Debug|Any CPU
		{D519BF09-5B02-4F19-88A5-982E5FB3F155}.Release|Any CPU.ActiveCfg = Release|Any CPU
		{D519BF09-5B02-4F19-88A5-982E5FB3F155}.Release|Any CPU.Build.0 = Release|Any CPU
	EndGlobalSection
	GlobalSection(SolutionProperties) = preSolution
		HideSolutionNode = FALSE
	EndGlobalSection
	GlobalSection(ExtensibilityGlobals) = postSolution
		SolutionGuid = {825805EB-4E22-45A8-BEB7-417C1975E67E}
	EndGlobalSection
EndGlobal
